# This file is @generated by PDM.
# It is not intended for manual editing.

[metadata]
groups = ["default"]
strategy = ["cross_platform", "inherit_metadata"]
lock_version = "4.4.1"
content_hash = "sha256:c3d202d3b9f38a5aec56782475ecefe3db2b64cde2c2182fe28ab2580d0e0fe9"

[[package]]
name = "amaranth"
version = "0.5.0.dev277"
requires_python = "~=3.8"
git = "https://github.com/amaranth-lang/amaranth.git"
revision = "9201cc3179d53c9fcfb6443e571533d64dbdd417"
summary = "Amaranth hardware definition language"
groups = ["default"]
dependencies = [
    "Jinja2~=3.0",
    "pyvcd<0.5,>=0.2.2",
]

[[package]]
name = "amaranth-boards"
version = "0.1.dev245"
requires_python = "~=3.8"
git = "https://github.com/amaranth-lang/amaranth-boards.git"
revision = "8be265b8ed89c1bbb4d9785a14dcfa415898a9d7"
summary = "Board and connector definitions for Amaranth HDL"
groups = ["default"]
dependencies = [
    "amaranth<0.6,>=0.4",
]

[[package]]
name = "jinja2"
version = "3.1.3"
requires_python = ">=3.7"
summary = "A very fast and expressive template engine."
groups = ["default"]
dependencies = [
    "MarkupSafe>=2.0",
]
files = [
    {file = "Jinja2-3.1.3-py3-none-any.whl", hash = "sha256:7d6d50dd97d52cbc355597bd845fabfbac3f551e1f99619e39a35ce8c370b5fa"},
    {file = "Jinja2-3.1.3.tar.gz", hash = "sha256:ac8bd6544d4bb2c9792bf3a159e80bba8fda7f07e81bc3aed565432d5925ba90"},
]

[[package]]
name = "markupsafe"
version = "2.1.5"
requires_python = ">=3.7"
summary = "Safely add untrusted strings to HTML/XML markup."
groups = ["default"]
files = [
    {file = "MarkupSafe-2.1.5-cp311-cp311-macosx_10_9_universal2.whl", hash = "sha256:629ddd2ca402ae6dbedfceeba9c46d5f7b2a61d9749597d4307f943ef198fc1f"},
    {file = "MarkupSafe-2.1.5-cp311-cp311-macosx_10_9_x86_64.whl", hash = "sha256:5b7b716f97b52c5a14bffdf688f971b2d5ef4029127f1ad7a513973cfd818df2"},
    {file = "MarkupSafe-2.1.5-cp311-cp311-manylinux_2_17_aarch64.manylinux2014_aarch64.whl", hash = "sha256:6ec585f69cec0aa07d945b20805be741395e28ac1627333b1c5b0105962ffced"},
    {file = "MarkupSafe-2.1.5-cp311-cp311-manylinux_2_17_x86_64.manylinux2014_x86_64.whl", hash = "sha256:b91c037585eba9095565a3556f611e3cbfaa42ca1e865f7b8015fe5c7336d5a5"},
    {file = "MarkupSafe-2.1.5-cp311-cp311-manylinux_2_5_i686.manylinux1_i686.manylinux_2_17_i686.manylinux2014_i686.whl", hash = "sha256:7502934a33b54030eaf1194c21c692a534196063db72176b0c4028e140f8f32c"},
    {file = "MarkupSafe-2.1.5-cp311-cp311-musllinux_1_1_aarch64.whl", hash = "sha256:0e397ac966fdf721b2c528cf028494e86172b4feba51d65f81ffd65c63798f3f"},
    {file = "MarkupSafe-2.1.5-cp311-cp311-musllinux_1_1_i686.whl", hash = "sha256:c061bb86a71b42465156a3ee7bd58c8c2ceacdbeb95d05a99893e08b8467359a"},
    {file = "MarkupSafe-2.1.5-cp311-cp311-musllinux_1_1_x86_64.whl", hash = "sha256:3a57fdd7ce31c7ff06cdfbf31dafa96cc533c21e443d57f5b1ecc6cdc668ec7f"},
    {file = "MarkupSafe-2.1.5-cp311-cp311-win32.whl", hash = "sha256:397081c1a0bfb5124355710fe79478cdbeb39626492b15d399526ae53422b906"},
    {file = "MarkupSafe-2.1.5-cp311-cp311-win_amd64.whl", hash = "sha256:2b7c57a4dfc4f16f7142221afe5ba4e093e09e728ca65c51f5620c9aaeb9a617"},
    {file = "MarkupSafe-2.1.5.tar.gz", hash = "sha256:d283d37a890ba4c1ae73ffadf8046435c76e7bc2247bbb63c00bd1a709c6544b"},
]

[[package]]
name = "platformdirs"
version = "4.2.0"
requires_python = ">=3.8"
summary = "A small Python package for determining appropriate platform-specific dirs, e.g. a \"user data dir\"."
groups = ["default"]
files = [
    {file = "platformdirs-4.2.0-py3-none-any.whl", hash = "sha256:0614df2a2f37e1a662acbd8e2b25b92ccf8632929bc6d43467e17fe89c75e068"},
    {file = "platformdirs-4.2.0.tar.gz", hash = "sha256:ef0cc731df711022c174543cb70a9b5bd22e5a9337c8624ef2c2ceb8ddad8768"},
]

[[package]]
name = "pyvcd"
version = "0.4.0"
requires_python = ">=3.7"
summary = "Python VCD file support"
groups = ["default"]
files = [
    {file = "pyvcd-0.4.0-py2.py3-none-any.whl", hash = "sha256:a21b10e5018b7940c8f2c20ef83d97496e86f15e215afed134ee115166035e17"},
    {file = "pyvcd-0.4.0.tar.gz", hash = "sha256:31be3f501441a9b8c5dc72660ff7b9cfef9b43b2121a23d96f586d2863270290"},
]

[[package]]
name = "wasmtime"
version = "19.0.0"
requires_python = ">=3.8"
summary = "A WebAssembly runtime powered by Wasmtime"
groups = ["default"]
files = [
    {file = "wasmtime-19.0.0-py3-none-any.whl", hash = "sha256:229075695c97d3220336ab08a0cf6350c6f29b29663b3530d25a9d8aa59db801"},
    {file = "wasmtime-19.0.0-py3-none-macosx_10_13_x86_64.whl", hash = "sha256:43fb95b952b4387a852834477d8d094f3891cdccd4c0f6c8833cfafb5ec8d35b"},
    {file = "wasmtime-19.0.0-py3-none-macosx_11_0_arm64.whl", hash = "sha256:6e0625e3d9b5fa850f6098fad3d081f496095f4705c76bf88144d3dec20e6557"},
    {file = "wasmtime-19.0.0-py3-none-manylinux1_x86_64.whl", hash = "sha256:d844128add3ba40d3a667115812ed8064089a76e775c49dc4d43dcf034c15436"},
    {file = "wasmtime-19.0.0-py3-none-manylinux2014_aarch64.whl", hash = "sha256:85890d926adad42dbfe5a772796f452fc42f87a4fda3b982cea842c52dbf734f"},
    {file = "wasmtime-19.0.0-py3-none-win_amd64.whl", hash = "sha256:7b8eb96d270e042442389a3d13c1d51b44c55e5d53c27e33a934d22ef6e2a95f"},
]

[[package]]
name = "yowasp-nextpnr-ice40"
version = "0.7.0.0.post519"
summary = "nextpnr-ice40 FPGA place and route tool"
groups = ["default"]
dependencies = [
    "yowasp-runtime~=1.1",
]
files = [
    {file = "yowasp_nextpnr_ice40-0.7.0.0.post519-py3-none-any.whl", hash = "sha256:abd245a20de0517526be670f78e645a7d0aff56165a674a501c39e69a2f102b3"},
]

[[package]]
name = "yowasp-nextpnr-nexus"
version = "0.7.0.0.post519"
summary = "nextpnr-nexus FPGA place and route tool"
groups = ["default"]
dependencies = [
    "yowasp-runtime~=1.1",
]
files = [
    {file = "yowasp_nextpnr_nexus-0.7.0.0.post519-py3-none-any.whl", hash = "sha256:5a39aacc575a1d387fee351eb8a878304a81dbd37ab69871214ab613d7a3eca7"},
]

[[package]]
name = "yowasp-runtime"
version = "1.53"
requires_python = "~=3.8"
summary = "Common runtime for YoWASP packages"
groups = ["default"]
dependencies = [
    "platformdirs<5,>=3.0",
    "wasmtime<20,>=1.0",
]
files = [
    {file = "yowasp_runtime-1.53-py3-none-any.whl", hash = "sha256:74d28d70a57a9ab48ce3441c4fa5bea10ca7c7020aaccc8f4fed9ffb65cf4bde"},
]
